
Microsoft Visual Studio Solution File, Format Version 12.00
# Visual Studio Version 17
VisualStudioVersion = 17.3.32819.101
MinimumVisualStudioVersion = 10.0.40219.1
Project("{FAE04EC0-301F-11D3-BF4B-00C04F79EFBC}") = "KidFN", "KidFN.csproj", "{A6A765E4-328D-40A6-8DFF-4970281E49DC}"
EndProject
Global
	GlobalSection(SolutionConfigurationPlatforms) = preSolution
		Debug|Any CPU = Debug|Any CPU
		Release|Any CPU = Release|Any CPU
	EndGlobalSection
	GlobalSection(ProjectConfigurationPlatforms) = postSolution
		{A6A765E4-328D-40A6-8DFF-4970281E49DC}.Debug|Any CPU.ActiveCfg = Debug|Any CPU
		{A6A765E4-328D-40A6-8DFF-4970281E49DC}.Debug|Any CPU.Build.0 = Debug|Any CPU
		{A6A765E4-328D-40A6-8DFF-4970281E49DC}.Release|Any CPU.ActiveCfg = Release|Any CPU
		{A6A765E4-328D-40A6-8DFF-4970281E49DC}.Release|Any CPU.Build.0 = Release|Any CPU
	EndGlobalSection
	GlobalSection(SolutionProperties) = preSolution
		HideSolutionNode = FALSE
	EndGlobalSection
	GlobalSection(ExtensibilityGlobals) = postSolution
		SolutionGuid = {A57DD24A-EAC3-48D0-87C7-6A1B25CC9E15}
	EndGlobalSection
EndGlobal
